
Microsoft Visual Studio Solution File, Format Version 12.00
# Visual Studio Version 17
VisualStudioVersion = 17.14.36203.30
MinimumVisualStudioVersion = 10.0.40219.1
Project("{FAE04EC0-301F-11D3-BF4B-00C04F79EFBC}") = "QLKhoHang.DAL", "QLKhoHang.DAL\QLKhoHang.DAL.csproj", "{679E96B4-A2D4-4D93-86CE-15DAFDAAC89E}"
EndProject
Project("{FAE04EC0-301F-11D3-BF4B-00C04F79EFBC}") = "QLKhoHang.BUS", "QLKhoHang.BUS\QLKhoHang.BUS.csproj", "{500171E3-3BFA-458C-B707-24F5C6D90275}"
EndProject
Project("{FAE04EC0-301F-11D3-BF4B-00C04F79EFBC}") = "QLKhoHang.GUI", "QLKhoHang.GUI\QLKhoHang.GUI.csproj", "{2CD41373-29A2-4DF6-BA0F-B7A2D18A20AA}"
EndProject
Project("{FAE04EC0-301F-11D3-BF4B-00C04F79EFBC}") = "QLKhoHang.DTO", "QLKhoHang.DTO\QLKhoHang.DTO.csproj", "{296ED0F1-4DD2-4F5F-904C-A57B4D4683EC}"
EndProject
Global
	GlobalSection(SolutionConfigurationPlatforms) = preSolution
		Debug|Any CPU = Debug|Any CPU
		Release|Any CPU = Release|Any CPU
	EndGlobalSection
	GlobalSection(ProjectConfigurationPlatforms) = postSolution
		{679E96B4-A2D4-4D93-86CE-15DAFDAAC89E}.Debug|Any CPU.ActiveCfg = Debug|Any CPU
		{679E96B4-A2D4-4D93-86CE-15DAFDAAC89E}.Debug|Any CPU.Build.0 = Debug|Any CPU
		{679E96B4-A2D4-4D93-86CE-15DAFDAAC89E}.Release|Any CPU.ActiveCfg = Release|Any CPU
		{679E96B4-A2D4-4D93-86CE-15DAFDAAC89E}.Release|Any CPU.Build.0 = Release|Any CPU
		{500171E3-3BFA-458C-B707-24F5C6D90275}.Debug|Any CPU.ActiveCfg = Debug|Any CPU
		{500171E3-3BFA-458C-B707-24F5C6D90275}.Debug|Any CPU.Build.0 = Debug|Any CPU
		{500171E3-3BFA-458C-B707-24F5C6D90275}.Release|Any CPU.ActiveCfg = Release|Any CPU
		{500171E3-3BFA-458C-B707-24F5C6D90275}.Release|Any CPU.Build.0 = Release|Any CPU
		{2CD41373-29A2-4DF6-BA0F-B7A2D18A20AA}.Debug|Any CPU.ActiveCfg = Debug|Any CPU
		{2CD41373-29A2-4DF6-BA0F-B7A2D18A20AA}.Debug|Any CPU.Build.0 = Debug|Any CPU
		{2CD41373-29A2-4DF6-BA0F-B7A2D18A20AA}.Release|Any CPU.ActiveCfg = Release|Any CPU
		{2CD41373-29A2-4DF6-BA0F-B7A2D18A20AA}.Release|Any CPU.Build.0 = Release|Any CPU
		{296ED0F1-4DD2-4F5F-904C-A57B4D4683EC}.Debug|Any CPU.ActiveCfg = Debug|Any CPU
		{296ED0F1-4DD2-4F5F-904C-A57B4D4683EC}.Debug|Any CPU.Build.0 = Debug|Any CPU
		{296ED0F1-4DD2-4F5F-904C-A57B4D4683EC}.Release|Any CPU.ActiveCfg = Release|Any CPU
		{296ED0F1-4DD2-4F5F-904C-A57B4D4683EC}.Release|Any CPU.Build.0 = Release|Any CPU
	EndGlobalSection
	GlobalSection(SolutionProperties) = preSolution
		HideSolutionNode = FALSE
	EndGlobalSection
	GlobalSection(ExtensibilityGlobals) = postSolution
		SolutionGuid = {94C2DAAE-7A34-43F6-B3DB-3041F609C360}
	EndGlobalSection
EndGlobal
